
Microsoft Visual Studio Solution File, Format Version 12.00
# Visual Studio 15
VisualStudioVersion = 15.0.28307.271
MinimumVisualStudioVersion = 10.0.40219.1
Project("{8BC9CEB8-8B4A-11D0-8D11-00A0C91BC942}") = "Consolsnake", "Consolsnake\Consolsnake.vcxproj", "{51F6ED96-655A-4997-BE51-4210E78A9AF4}"
EndProject
Global
	GlobalSection(SolutionConfigurationPlatforms) = preSolution
		Debug|x64 = Debug|x64
		Debug|x86 = Debug|x86
		Release|x64 = Release|x64
		Release|x86 = Release|x86
	EndGlobalSection
	GlobalSection(ProjectConfigurationPlatforms) = postSolution
		{51F6ED96-655A-4997-BE51-4210E78A9AF4}.Debug|x64.ActiveCfg = Debug|x64
		{51F6ED96-655A-4997-BE51-4210E78A9AF4}.Debug|x64.Build.0 = Debug|x64
		{51F6ED96-655A-4997-BE51-4210E78A9AF4}.Debug|x86.ActiveCfg = Debug|Win32
		{51F6ED96-655A-4997-BE51-4210E78A9AF4}.Debug|x86.Build.0 = Debug|Win32
		{51F6ED96-655A-4997-BE51-4210E78A9AF4}.Release|x64.ActiveCfg = Release|x64
		{51F6ED96-655A-4997-BE51-4210E78A9AF4}.Release|x64.Build.0 = Release|x64
		{51F6ED96-655A-4997-BE51-4210E78A9AF4}.Release|x86.ActiveCfg = Release|Win32
		{51F6ED96-655A-4997-BE51-4210E78A9AF4}.Release|x86.Build.0 = Release|Win32
	EndGlobalSection
	GlobalSection(SolutionProperties) = preSolution
		HideSolutionNode = FALSE
	EndGlobalSection
	GlobalSection(ExtensibilityGlobals) = postSolution
		SolutionGuid = {2A71E94A-7F1F-4DF4-903B-5443C0CEC9CD}
	EndGlobalSection
EndGlobal
